// !$*UTF8*$!
{
	archiveVersion = 1;
	classes = {
	};
	objectVersion = 50;
	objects = {

/* Begin PBXBuildFile section */
		EABBC4A624B32DD600D50949 /* AppDelegate.swift in Sources */ = {isa = PBXBuildFile; fileRef = EABBC4A524B32DD600D50949 /* AppDelegate.swift */; };
		EABBC4A824B32DD600D50949 /* SceneDelegate.swift in Sources */ = {isa = PBXBuildFile; fileRef = EABBC4A724B32DD600D50949 /* SceneDelegate.swift */; };
		EABBC4AA24B32DD600D50949 /* ViewController.swift in Sources */ = {isa = PBXBuildFile; fileRef = EABBC4A924B32DD600D50949 /* ViewController.swift */; };
		EABBC4AD24B32DD600D50949 /* Main.storyboard in Resources */ = {isa = PBXBuildFile; fileRef = EABBC4AB24B32DD600D50949 /* Main.storyboard */; };
		EABBC4AF24B32DD800D50949 /* Assets.xcassets in Resources */ = {isa = PBXBuildFile; fileRef = EABBC4AE24B32DD800D50949 /* Assets.xcassets */; };
		EABBC4B224B32DD800D50949 /* LaunchScreen.storyboard in Resources */ = {isa = PBXBuildFile; fileRef = EABBC4B024B32DD800D50949 /* LaunchScreen.storyboard */; };
		EABBC4BB24B3304800D50949 /* PlayerView.swift in Sources */ = {isa = PBXBuildFile; fileRef = EABBC4BA24B3304800D50949 /* PlayerView.swift */; };
		EABBC4C024BDA69500D50949 /* HandGesturesModel1.mlmodel in Sources */ = {isa = PBXBuildFile; fileRef = EABBC4BF24BDA69500D50949 /* HandGesturesModel1.mlmodel */; };
		EABBC4C324BDA81C00D50949 /* ViewControllerExtensions.swift in Sources */ = {isa = PBXBuildFile; fileRef = EABBC4C224BDA81C00D50949 /* ViewControllerExtensions.swift */; };
/* End PBXBuildFile section */

/* Begin PBXFileReference section */
		EABBC4A224B32DD600D50949 /* HandGestureRecogniserTutorial.app */ = {isa = PBXFileReference; explicitFileType = wrapper.application; includeInIndex = 0; path = HandGestureRecogniserTutorial.app; sourceTree = BUILT_PRODUCTS_DIR; };
		EABBC4A524B32DD600D50949 /* AppDelegate.swift */ = {isa = PBXFileReference; lastKnownFileType = sourcecode.swift; path = AppDelegate.swift; sourceTree = "<group>"; };
		EABBC4A724B32DD600D50949 /* SceneDelegate.swift */ = {isa = PBXFileReference; lastKnownFileType = sourcecode.swift; path = SceneDelegate.swift; sourceTree = "<group>"; };
		EABBC4A924B32DD600D50949 /* ViewController.swift */ = {isa = PBXFileReference; lastKnownFileType = sourcecode.swift; path = ViewController.swift; sourceTree = "<group>"; };
		EABBC4AC24B32DD600D50949 /* Base */ = {isa = PBXFileReference; lastKnownFileType = file.storyboard; name = Base; path = Base.lproj/Main.storyboard; sourceTree = "<group>"; };
		EABBC4AE24B32DD800D50949 /* Assets.xcassets */ = {isa = PBXFileReference; lastKnownFileType = folder.assetcatalog; path = Assets.xcassets; sourceTree = "<group>"; };
		EABBC4B124B32DD800D50949 /* Base */ = {isa = PBXFileReference; lastKnownFileType = file.storyboard; name = Base; path = Base.lproj/LaunchScreen.storyboard; sourceTree = "<group>"; };
		EABBC4B324B32DD800D50949 /* Info.plist */ = {isa = PBXFileReference; lastKnownFileType = text.plist.xml; path = Info.plist; sourceTree = "<group>"; };
		EABBC4BA24B3304800D50949 /* PlayerView.swift */ = {isa = PBXFileReference; lastKnownFileType = sourcecode.swift; path = PlayerView.swift; sourceTree = "<group>"; };
		EABBC4BF24BDA69500D50949 /* HandGesturesModel1.mlmodel */ = {isa = PBXFileReference; lastKnownFileType = file.mlmodel; name = HandGesturesModel1.mlmodel; path = ../../../HandGesturesModel1.mlmodel; sourceTree = "<group>"; };
		EABBC4C224BDA81C00D50949 /* ViewControllerExtensions.swift */ = {isa = PBXFileReference; lastKnownFileType = sourcecode.swift; path = ViewControllerExtensions.swift; sourceTree = "<group>"; };
/* End PBXFileReference section */

/* Begin PBXFrameworksBuildPhase section */
		EABBC49F24B32DD600D50949 /* Frameworks */ = {
			isa = PBXFrameworksBuildPhase;
			buildActionMask = 2147483647;
			files = (
			);
			runOnlyForDeploymentPostprocessing = 0;
		};
/* End PBXFrameworksBuildPhase section */

/* Begin PBXGroup section */
		EABBC49924B32DD600D50949 = {
			isa = PBXGroup;
			children = (
				EABBC4A424B32DD600D50949 /* HandGestureRecogniserTutorial */,
				EABBC4A324B32DD600D50949 /* Products */,
			);
			sourceTree = "<group>";
		};
		EABBC4A324B32DD600D50949 /* Products */ = {
			isa = PBXGroup;
			children = (
				EABBC4A224B32DD600D50949 /* HandGestureRecogniserTutorial.app */,
			);
			name = Products;
			sourceTree = "<group>";
		};
		EABBC4A424B32DD600D50949 /* HandGestureRecogniserTutorial */ = {
			isa = PBXGroup;
			children = (
				EABBC4C124BDA7F100D50949 /* Extensions */,
				EABBC4BC24BDA1E100D50949 /* Models */,
				EABBC4B924B3302D00D50949 /* Views */,
				EABBC4A524B32DD600D50949 /* AppDelegate.swift */,
				EABBC4A724B32DD600D50949 /* SceneDelegate.swift */,
				EABBC4A924B32DD600D50949 /* ViewController.swift */,
				EABBC4AB24B32DD600D50949 /* Main.storyboard */,
				EABBC4AE24B32DD800D50949 /* Assets.xcassets */,
				EABBC4B024B32DD800D50949 /* LaunchScreen.storyboard */,
				EABBC4B324B32DD800D50949 /* Info.plist */,
			);
			path = HandGestureRecogniserTutorial;
			sourceTree = "<group>";
		};
		EABBC4B924B3302D00D50949 /* Views */ = {
			isa = PBXGroup;
			children = (
				EABBC4BA24B3304800D50949 /* PlayerView.swift */,
			);
			path = Views;
			sourceTree = "<group>";
		};
		EABBC4BC24BDA1E100D50949 /* Models */ = {
			isa = PBXGroup;
			children = (
				EABBC4BF24BDA69500D50949 /* HandGesturesModel1.mlmodel */,
			);
			path = Models;
			sourceTree = "<group>";
		};
		EABBC4C124BDA7F100D50949 /* Extensions */ = {
			isa = PBXGroup;
			children = (
				EABBC4C224BDA81C00D50949 /* ViewControllerExtensions.swift */,
			);
			path = Extensions;
			sourceTree = "<group>";
		};
/* End PBXGroup section */

/* Begin PBXNativeTarget section */
		EABBC4A124B32DD600D50949 /* HandGestureRecogniserTutorial */ = {
			isa = PBXNativeTarget;
			buildConfigurationList = EABBC4B624B32DD800D50949 /* Build configuration list for PBXNativeTarget "HandGestureRecogniserTutorial" */;
			buildPhases = (
				EABBC49E24B32DD600D50949 /* Sources */,
				EABBC49F24B32DD600D50949 /* Frameworks */,
				EABBC4A024B32DD600D50949 /* Resources */,
			);
			buildRules = (
			);
			dependencies = (
			);
			name = HandGestureRecogniserTutorial;
			productName = HandGestureRecogniserTutorial;
			productReference = EABBC4A224B32DD600D50949 /* HandGestureRecogniserTutorial.app */;
			productType = "com.apple.product-type.application";
		};
/* End PBXNativeTarget section */

/* Begin PBXProject section */
		EABBC49A24B32DD600D50949 /* Project object */ = {
			isa = PBXProject;
			attributes = {
				LastSwiftUpdateCheck = 1130;
				LastUpgradeCheck = 1130;
				ORGANIZATIONNAME = xDesign;
				TargetAttributes = {
					EABBC4A124B32DD600D50949 = {
						CreatedOnToolsVersion = 11.3.1;
					};
				};
			};
			buildConfigurationList = EABBC49D24B32DD600D50949 /* Build configuration list for PBXProject "HandGestureRecogniserTutorial" */;
			compatibilityVersion = "Xcode 9.3";
			developmentRegion = en;
			hasScannedForEncodings = 0;
			knownRegions = (
				en,
				Base,
			);
			mainGroup = EABBC49924B32DD600D50949;
			productRefGroup = EABBC4A324B32DD600D50949 /* Products */;
			projectDirPath = "";
			projectRoot = "";
			targets = (
				EABBC4A124B32DD600D50949 /* HandGestureRecogniserTutorial */,
			);
		};
/* End PBXProject section */

/* Begin PBXResourcesBuildPhase section */
		EABBC4A024B32DD600D50949 /* Resources */ = {
			isa = PBXResourcesBuildPhase;
			buildActionMask = 2147483647;
			files = (
				EABBC4B224B32DD800D50949 /* LaunchScreen.storyboard in Resources */,
				EABBC4AF24B32DD800D50949 /* Assets.xcassets in Resources */,
				EABBC4AD24B32DD600D50949 /* Main.storyboard in Resources */,
			);
			runOnlyForDeploymentPostprocessing = 0;
		};
/* End PBXResourcesBuildPhase section */

/* Begin PBXSourcesBuildPhase section */
		EABBC49E24B32DD600D50949 /* Sources */ = {
			isa = PBXSourcesBuildPhase;
			buildActionMask = 2147483647;
			files = (
				EABBC4AA24B32DD600D50949 /* ViewController.swift in Sources */,
				EABBC4A624B32DD600D50949 /* AppDelegate.swift in Sources */,
				EABBC4A824B32DD600D50949 /* SceneDelegate.swift in Sources */,
				EABBC4BB24B3304800D50949 /* PlayerView.swift in Sources */,
				EABBC4C324BDA81C00D50949 /* ViewControllerExtensions.swift in Sources */,
				EABBC4C024BDA69500D50949 /* HandGesturesModel1.mlmodel in Sources */,
			);
			runOnlyForDeploymentPostprocessing = 0;
		};
/* End PBXSourcesBuildPhase section */

/* Begin PBXVariantGroup section */
		EABBC4AB24B32DD600D50949 /* Main.storyboard */ = {
			isa = PBXVariantGroup;
			children = (
				EABBC4AC24B32DD600D50949 /* Base */,
			);
			name = Main.storyboard;
			sourceTree = "<group>";
		};
		EABBC4B024B32DD800D50949 /* LaunchScreen.storyboard */ = {
			isa = PBXVariantGroup;
			children = (
				EABBC4B124B32DD800D50949 /* Base */,
			);
			name = LaunchScreen.storyboard;
			sourceTree = "<group>";
		};
/* End PBXVariantGroup section */

/* Begin XCBuildConfiguration section */
		EABBC4B424B32DD800D50949 /* Debug */ = {
			isa = XCBuildConfiguration;
			buildSettings = {
				ALWAYS_SEARCH_USER_PATHS = NO;
				CLANG_ANALYZER_NONNULL = YES;
				CLANG_ANALYZER_NUMBER_OBJECT_CONVERSION = YES_AGGRESSIVE;
				CLANG_CXX_LANGUAGE_STANDARD = "gnu++14";
				CLANG_CXX_LIBRARY = "libc++";
				CLANG_ENABLE_MODULES = YES;
				CLANG_ENABLE_OBJC_ARC = YES;
				CLANG_ENABLE_OBJC_WEAK = YES;
				CLANG_WARN_BLOCK_CAPTURE_AUTORELEASING = YES;
				CLANG_WARN_BOOL_CONVERSION = YES;
				CLANG_WARN_COMMA = YES;
				CLANG_WARN_CONSTANT_CONVERSION = YES;
				CLANG_WARN_DEPRECATED_OBJC_IMPLEMENTATIONS = YES;
				CLANG_WARN_DIRECT_OBJC_ISA_USAGE = YES_ERROR;
				CLANG_WARN_DOCUMENTATION_COMMENTS = YES;
				CLANG_WARN_EMPTY_BODY = YES;
				CLANG_WARN_ENUM_CONVERSION = YES;
				CLANG_WARN_INFINITE_RECURSION = YES;
				CLANG_WARN_INT_CONVERSION = YES;
				CLANG_WARN_NON_LITERAL_NULL_CONVERSION = YES;
				CLANG_WARN_OBJC_IMPLICIT_RETAIN_SELF = YES;
				CLANG_WARN_OBJC_LITERAL_CONVERSION = YES;
				CLANG_WARN_OBJC_ROOT_CLASS = YES_ERROR;
				CLANG_WARN_RANGE_LOOP_ANALYSIS = YES;
				CLANG_WARN_STRICT_PROTOTYPES = YES;
				CLANG_WARN_SUSPICIOUS_MOVE = YES;
				CLANG_WARN_UNGUARDED_AVAILABILITY = YES_AGGRESSIVE;
				CLANG_WARN_UNREACHABLE_CODE = YES;
				CLANG_WARN__DUPLICATE_METHOD_MATCH = YES;
				COPY_PHASE_STRIP = NO;
				DEBUG_INFORMATION_FORMAT = dwarf;
				ENABLE_STRICT_OBJC_MSGSEND = YES;
				ENABLE_TESTABILITY = YES;
				GCC_C_LANGUAGE_STANDARD = gnu11;
				GCC_DYNAMIC_NO_PIC = NO;
				GCC_NO_COMMON_BLOCKS = YES;
				GCC_OPTIMIZATION_LEVEL = 0;
				GCC_PREPROCESSOR_DEFINITIONS = (
					"DEBUG=1",
					"$(inherited)",
				);
				GCC_WARN_64_TO_32_BIT_CONVERSION = YES;
				GCC_WARN_ABOUT_RETURN_TYPE = YES_ERROR;
				GCC_WARN_UNDECLARED_SELECTOR = YES;
				GCC_WARN_UNINITIALIZED_AUTOS = YES_AGGRESSIVE;
				GCC_WARN_UNUSED_FUNCTION = YES;
				GCC_WARN_UNUSED_VARIABLE = YES;
				IPHONEOS_DEPLOYMENT_TARGET = 13.2;
				MTL_ENABLE_DEBUG_INFO = INCLUDE_SOURCE;
				MTL_FAST_MATH = YES;
				ONLY_ACTIVE_ARCH = YES;
				SDKROOT = iphoneos;
				SWIFT_ACTIVE_COMPILATION_CONDITIONS = DEBUG;
				SWIFT_OPTIMIZATION_LEVEL = "-Onone";
			};
			name = Debug;
		};
		EABBC4B524B32DD800D50949 /* Release */ = {
			isa = XCBuildConfiguration;
			buildSettings = {
				ALWAYS_SEARCH_USER_PATHS = NO;
				CLANG_ANALYZER_NONNULL = YES;
				CLANG_ANALYZER_NUMBER_OBJECT_CONVERSION = YES_AGGRESSIVE;
				CLANG_CXX_LANGUAGE_STANDARD = "gnu++14";
				CLANG_CXX_LIBRARY = "libc++";
				CLANG_ENABLE_MODULES = YES;
				CLANG_ENABLE_OBJC_ARC = YES;
				CLANG_ENABLE_OBJC_WEAK = YES;
				CLANG_WARN_BLOCK_CAPTURE_AUTORELEASING = YES;
				CLANG_WARN_BOOL_CONVERSION = YES;
				CLANG_WARN_COMMA = YES;
				CLANG_WARN_CONSTANT_CONVERSION = YES;
				CLANG_WARN_DEPRECATED_OBJC_IMPLEMENTATIONS = YES;
				CLANG_WARN_DIRECT_OBJC_ISA_USAGE = YES_ERROR;
				CLANG_WARN_DOCUMENTATION_COMMENTS = YES;
				CLANG_WARN_EMPTY_BODY = YES;
				CLANG_WARN_ENUM_CONVERSION = YES;
				CLANG_WARN_INFINITE_RECURSION = YES;
				CLANG_WARN_INT_CONVERSION = YES;
				CLANG_WARN_NON_LITERAL_NULL_CONVERSION = YES;
				CLANG_WARN_OBJC_IMPLICIT_RETAIN_SELF = YES;
				CLANG_WARN_OBJC_LITERAL_CONVERSION = YES;
				CLANG_WARN_OBJC_ROOT_CLASS = YES_ERROR;
				CLANG_WARN_RANGE_LOOP_ANALYSIS = YES;
				CLANG_WARN_STRICT_PROTOTYPES = YES;
				CLANG_WARN_SUSPICIOUS_MOVE = YES;
				CLANG_WARN_UNGUARDED_AVAILABILITY = YES_AGGRESSIVE;
				CLANG_WARN_UNREACHABLE_CODE = YES;
				CLANG_WARN__DUPLICATE_METHOD_MATCH = YES;
				COPY_PHASE_STRIP = NO;
				DEBUG_INFORMATION_FORMAT = "dwarf-with-dsym";
				ENABLE_NS_ASSERTIONS = NO;
				ENABLE_STRICT_OBJC_MSGSEND = YES;
				GCC_C_LANGUAGE_STANDARD = gnu11;
				GCC_NO_COMMON_BLOCKS = YES;
				GCC_WARN_64_TO_32_BIT_CONVERSION = YES;
				GCC_WARN_ABOUT_RETURN_TYPE = YES_ERROR;
				GCC_WARN_UNDECLARED_SELECTOR = YES;
				GCC_WARN_UNINITIALIZED_AUTOS = YES_AGGRESSIVE;
				GCC_WARN_UNUSED_FUNCTION = YES;
				GCC_WARN_UNUSED_VARIABLE = YES;
				IPHONEOS_DEPLOYMENT_TARGET = 13.2;
				MTL_ENABLE_DEBUG_INFO = NO;
				MTL_FAST_MATH = YES;
				SDKROOT = iphoneos;
				SWIFT_COMPILATION_MODE = wholemodule;
				SWIFT_OPTIMIZATION_LEVEL = "-O";
				VALIDATE_PRODUCT = YES;
			};
			name = Release;
		};
		EABBC4B724B32DD800D50949 /* Debug */ = {
			isa = XCBuildConfiguration;
			buildSettings = {
				ASSETCATALOG_COMPILER_APPICON_NAME = AppIcon;
				CODE_SIGN_STYLE = Automatic;
				INFOPLIST_FILE = HandGestureRecogniserTutorial/Info.plist;
				LD_RUNPATH_SEARCH_PATHS = (
					"$(inherited)",
					"@executable_path/Frameworks",
				);
				PRODUCT_BUNDLE_IDENTIFIER = com.xdesign.cutitronics.HandGestureRecogniserTutorial;
				PRODUCT_NAME = "$(TARGET_NAME)";
				SWIFT_VERSION = 5.0;
				TARGETED_DEVICE_FAMILY = "1,2";
			};
			name = Debug;
		};
		EABBC4B824B32DD800D50949 /* Release */ = {
			isa = XCBuildConfiguration;
			buildSettings = {
				ASSETCATALOG_COMPILER_APPICON_NAME = AppIcon;
				CODE_SIGN_STYLE = Automatic;
				INFOPLIST_FILE = HandGestureRecogniserTutorial/Info.plist;
				LD_RUNPATH_SEARCH_PATHS = (
					"$(inherited)",
					"@executable_path/Frameworks",
				);
				PRODUCT_BUNDLE_IDENTIFIER = com.xdesign.cutitronics.HandGestureRecogniserTutorial;
				PRODUCT_NAME = "$(TARGET_NAME)";
				SWIFT_VERSION = 5.0;
				TARGETED_DEVICE_FAMILY = "1,2";
			};
			name = Release;
		};
/* End XCBuildConfiguration section */

/* Begin XCConfigurationList section */
		EABBC49D24B32DD600D50949 /* Build configuration list for PBXProject "HandGestureRecogniserTutorial" */ = {
			isa = XCConfigurationList;
			buildConfigurations = (
				EABBC4B424B32DD800D50949 /* Debug */,
				EABBC4B524B32DD800D50949 /* Release */,
			);
			defaultConfigurationIsVisible = 0;
			defaultConfigurationName = Release;
		};
		EABBC4B624B32DD800D50949 /* Build configuration list for PBXNativeTarget "HandGestureRecogniserTutorial" */ = {
			isa = XCConfigurationList;
			buildConfigurations = (
				EABBC4B724B32DD800D50949 /* Debug */,
				EABBC4B824B32DD800D50949 /* Release */,
			);
			defaultConfigurationIsVisible = 0;
			defaultConfigurationName = Release;
		};
/* End XCConfigurationList section */
	};
	rootObject = EABBC49A24B32DD600D50949 /* Project object */;
}
